#MicroXplorer Configuration settings - do not modify
Dma.SPI1_TX.1.Priority=DMA_PRIORITY_LOW
RCC.USART1Freq_Value=108000000
PH0-OSC_IN.Signal=RCC_OSC_IN
SPI3.Direction=SPI_DIRECTION_2LINES
SPI4.VirtualType=VM_SLAVE
SPI3.VirtualType=VM_SLAVE
SPI1.VirtualType=VM_SLAVE
SPI2.VirtualType=VM_SLAVE
PB10.Mode=Full_Duplex_Slave
Dma.SPI5_RX.8.Direction=DMA_PERIPH_TO_MEMORY
PC12.Locked=true
Dma.SPI1_TX.1.FIFOMode=DMA_FIFOMODE_DISABLE
Dma.SPI4_RX.6.Direction=DMA_PERIPH_TO_MEMORY
RCC.PLLCLKFreq_Value=216000000
PC12.Signal=SPI3_MOSI
RCC.PLLQCLKFreq_Value=48000000
Dma.SPI4_RX.6.MemDataAlignment=DMA_MDATAALIGN_BYTE
CORTEX_M7.PREFETCH_ENABLE=1
Dma.SPI5_RX.8.Instance=DMA2_Stream5
PinOutPanel.RotationAngle=0
RCC.SYSCLKSource=RCC_SYSCLKSOURCE_PLLCLK
RCC.LPTIM1Freq_Value=54000000
Dma.SPI3_RX.4.Instance=DMA1_Stream0
NVIC.SVCall_IRQn=true\:0\:0\:false\:false\:false\:false\:false\:false
Dma.SPI1_RX.0.Direction=DMA_PERIPH_TO_MEMORY
PA4.Mode=Activate_SOF_FS
PF7.Signal=SPI5_SCK
VP_USB_DEVICE_VS_USB_DEVICE_CDC_HS.Signal=USB_DEVICE_VS_USB_DEVICE_CDC_HS
Dma.SPI2_RX.2.Direction=DMA_PERIPH_TO_MEMORY
Dma.SPI3_TX.5.Priority=DMA_PRIORITY_LOW
SPI1.Direction=SPI_DIRECTION_2LINES
PE2.Mode=Full_Duplex_Slave
RCC.APB2TimFreq_Value=216000000
RCC.SAI2Freq_Value=96000000
PE5.Signal=SPI4_MISO
RCC.USART3Freq_Value=54000000
Dma.SPI1_TX.1.PeriphDataAlignment=DMA_PDATAALIGN_BYTE
ProjectManager.ProjectBuild=false
Dma.SPI2_RX.2.MemDataAlignment=DMA_MDATAALIGN_BYTE
NVIC.UsageFault_IRQn=true\:0\:0\:false\:false\:true\:false\:false\:false
PB3.Mode=JTAG_5_pins
Dma.SPI2_RX.2.PeriphInc=DMA_PINC_DISABLE
Dma.SPI1_RX.0.PeriphInc=DMA_PINC_DISABLE
ProjectManager.FirmwarePackage=STM32Cube FW_F7 V1.16.0
MxDb.Version=DB.6.0.0
Dma.SPI4_RX.6.PeriphInc=DMA_PINC_DISABLE
ProjectManager.BackupPrevious=false
Dma.SPI1_TX.1.Mode=DMA_NORMAL
PB14.Mode=Internal_Phy_Device
Dma.SPI3_TX.5.Instance=DMA1_Stream5
Dma.SPI5_RX.8.FIFOMode=DMA_FIFOMODE_DISABLE
PE2.Signal=SPI4_SCK
Dma.SPI2_RX.2.PeriphDataAlignment=DMA_PDATAALIGN_BYTE
PF8.Mode=Full_Duplex_Slave
NVIC.PendSV_IRQn=true\:0\:0\:false\:false\:false\:false\:false\:false
USB_OTG_HS.IPParameters=VirtualMode
VP_FREERTOS_VS_CMSIS_V1.Mode=CMSIS_V1
ProjectManager.HalAssertFull=false
RCC.MCO2PinFreq_Value=216000000
Dma.SPI1_TX.1.RequestParameters=Instance,Direction,PeriphInc,MemInc,PeriphDataAlignment,MemDataAlignment,Mode,Priority,FIFOMode
Dma.SPI5_TX.9.Priority=DMA_PRIORITY_LOW
Mcu.Package=LQFP144
Dma.SPI5_TX.9.Instance=DMA2_Stream4
NVIC.TimeBase=TIM7_IRQn
SPI2.Mode=SPI_MODE_SLAVE
SPI3.Mode=SPI_MODE_SLAVE
Dma.SPI2_RX.2.MemInc=DMA_MINC_ENABLE
Dma.SPI5_TX.9.FIFOMode=DMA_FIFOMODE_DISABLE
NVIC.TimeBaseIP=TIM7
Dma.SPI4_TX.7.MemDataAlignment=DMA_MDATAALIGN_BYTE
PC11.Mode=Full_Duplex_Slave
RCC.APB2CLKDivider=RCC_HCLK_DIV2
NVIC.DMA2_Stream2_IRQn=true\:0\:0\:false\:false\:true\:false\:false\:true
Dma.SPI3_RX.4.Direction=DMA_PERIPH_TO_MEMORY
RCC.APB1TimFreq_Value=108000000
NVIC.BusFault_IRQn=true\:0\:0\:false\:false\:true\:false\:false\:false
Dma.SPI1_RX.0.RequestParameters=Instance,Direction,PeriphInc,MemInc,PeriphDataAlignment,MemDataAlignment,Mode,Priority,FIFOMode
SPI5.VirtualType=VM_SLAVE
ProjectManager.CustomerFirmwarePackage=
Dma.SPI3_TX.5.FIFOMode=DMA_FIFOMODE_DISABLE
Dma.SPI1_TX.1.Instance=DMA2_Stream3
RCC.PLLSAIQCLKFreq_Value=96000000
PA5.Mode=Full_Duplex_Slave
Dma.SPI2_TX.3.MemInc=DMA_MINC_ENABLE
Dma.SPI3_TX.5.MemInc=DMA_MINC_ENABLE
REXTPHYHS.Signal=USB_OTG_HS_REXTPHYHS
RCC.PLLQoutputFreq_Value=48000000
ProjectManager.ProjectFileName=NewFolder.ioc
FREERTOS.Tasks01=defaultTask,0,128,StartDefaultTask,Default,NULL,Dynamic,NULL,NULL
Dma.SPI5_TX.9.MemInc=DMA_MINC_ENABLE
Mcu.PinsNb=32
USB_DEVICE.PRODUCT_STRING_CDC_HS=Abc Core Multi Controller
Dma.Request9=SPI5_TX
PC2.Signal=SPI2_MISO
NVIC.DMA2_Stream1_IRQn=true\:0\:0\:false\:false\:true\:true\:false\:true
RCC.UART8Freq_Value=54000000
RCC.APB1CLKDivider=RCC_HCLK_DIV4
Dma.SPI3_TX.5.Mode=DMA_NORMAL
Dma.SPI3_TX.5.Direction=DMA_MEMORY_TO_PERIPH
Dma.SPI2_TX.3.PeriphDataAlignment=DMA_PDATAALIGN_BYTE
Dma.SPI1_TX.1.MemDataAlignment=DMA_MDATAALIGN_BYTE
Dma.SPI2_RX.2.FIFOMode=DMA_FIFOMODE_DISABLE
RCC.USART6Freq_Value=108000000
CORTEX_M7.ART_ACCLERATOR_ENABLE=1
Dma.SPI2_TX.3.Mode=DMA_NORMAL
SPI4.VirtualNSS=VM_NSSHARD
PB10.Signal=SPI2_SCK
PB14.Signal=USB_OTG_HS_DM
PA5.Signal=SPI1_SCK
Dma.SPI3_RX.4.FIFOMode=DMA_FIFOMODE_DISABLE
PC12.Mode=Full_Duplex_Slave
Dma.SPI3_RX.4.RequestParameters=Instance,Direction,PeriphInc,MemInc,PeriphDataAlignment,MemDataAlignment,Mode,Priority,FIFOMode
ProjectManager.LastFirmware=true
VP_SYS_VS_tim7.Signal=SYS_VS_tim7
Dma.SPI5_TX.9.PeriphDataAlignment=DMA_PDATAALIGN_BYTE
Dma.SPI5_RX.8.Priority=DMA_PRIORITY_LOW
Dma.SPI2_TX.3.Instance=DMA1_Stream4
Dma.SPI4_TX.7.RequestParameters=Instance,Direction,PeriphInc,MemInc,PeriphDataAlignment,MemDataAlignment,Mode,Priority,FIFOMode
PE6.Mode=Full_Duplex_Slave
Dma.SPI3_RX.4.PeriphInc=DMA_PINC_DISABLE
RCC.I2C1Freq_Value=54000000
SPI1.Mode=SPI_MODE_SLAVE
RCC.RNGFreq_Value=48000000
Mcu.Pin30=VP_SYS_VS_tim7
Dma.SPI1_RX.0.PeriphDataAlignment=DMA_PDATAALIGN_BYTE
Dma.SPI5_TX.9.MemDataAlignment=DMA_MDATAALIGN_BYTE
Mcu.Pin31=VP_USB_DEVICE_VS_USB_DEVICE_CDC_HS
NVIC.NonMaskableInt_IRQn=true\:0\:0\:false\:false\:true\:false\:false\:false
PA13.Mode=JTAG_5_pins
ProjectManager.FreePins=false
RCC.PLLI2SQCLKFreq_Value=96000000
Mcu.Pin26=PC12
Mcu.Pin27=PB3
NVIC.DMA2_Stream4_IRQn=true\:0\:0\:false\:false\:true\:true\:false\:true
Mcu.Pin24=PC10
ProjectManager.UnderRoot=false
Mcu.Pin25=PC11
CORTEX_M7.IPParameters=ART_ACCLERATOR_ENABLE,PREFETCH_ENABLE,CPU_ICache,CPU_DCache
Mcu.Pin28=PB4
Mcu.Pin29=VP_FREERTOS_VS_CMSIS_V1
PA4.Signal=USB_OTG_HS_SOF
Mcu.Pin22=PA14
Mcu.Pin23=PA15
Mcu.Pin20=PB15
Mcu.Pin21=PA13
NVIC.ForceEnableDMAVector=true
NVIC.MemoryManagement_IRQn=true\:0\:0\:false\:false\:true\:false\:false\:false
Dma.SPI5_RX.8.RequestParameters=Instance,Direction,PeriphInc,MemInc,PeriphDataAlignment,MemDataAlignment,Mode,Priority,FIFOMode
ProjectManager.CompilerOptimize=6
ProjectManager.HeapSize=0x2000
Mcu.Pin15=PA7
NVIC.HardFault_IRQn=true\:0\:0\:false\:false\:true\:false\:false\:false
Mcu.Pin16=PB10
Mcu.Pin13=PA5
Mcu.Pin14=PA6
Mcu.Pin19=PB14
Dma.SPI1_RX.0.Priority=DMA_PRIORITY_LOW
PF6.Mode=NSS_Signal_Hard_Input
ProjectManager.ComputerToolchain=false
Mcu.Pin17=PB12
PF9.Signal=SPI5_MOSI
Mcu.Pin18=REXTPHYHS
NVIC.PriorityGroup=NVIC_PRIORITYGROUP_4
Mcu.Pin11=PC2
Mcu.Pin12=PA4
Mcu.Pin10=PC1
Dma.SPI2_TX.3.PeriphInc=DMA_PINC_DISABLE
Dma.SPI2_TX.3.FIFOMode=DMA_FIFOMODE_DISABLE
RCC.I2C2Freq_Value=54000000
RCC.SDMMC2Freq_Value=216000000
SPI5.IPParameters=VirtualType,Mode,Direction,VirtualNSS
PC1.Signal=SPI2_MOSI
PC1.Mode=Full_Duplex_Slave
Dma.SPI4_TX.7.Mode=DMA_NORMAL
Mcu.Family=STM32F7
NVIC.OTG_HS_IRQn=true\:0\:0\:false\:false\:true\:false\:false\:true
ProjectManager.MainLocation=Core/Src
PA6.Mode=Full_Duplex_Slave
SPI2.VirtualNSS=VM_NSSHARD
RCC.SAI1Freq_Value=96000000
VP_USB_DEVICE_VS_USB_DEVICE_CDC_HS.Mode=CDC_HS
RCC.CortexFreq_Value=216000000
ProjectManager.KeepUserCode=true
Mcu.UserName=STM32F723ZETx
PC10.Signal=SPI3_SCK
Dma.SPI5_RX.8.PeriphDataAlignment=DMA_PDATAALIGN_BYTE
SPI4.Direction=SPI_DIRECTION_2LINES
Dma.SPI4_RX.6.Mode=DMA_NORMAL
ProjectManager.functionlistsort=1-MX_GPIO_Init-GPIO-false-LL-true,2-MX_DMA_Init-DMA-false-LL-true,3-SystemClock_Config-RCC-false-LL-false,4-MX_SPI1_Init-SPI1-false-LL-true,5-MX_SPI2_Init-SPI2-false-LL-true,6-MX_SPI3_Init-SPI3-false-LL-true,7-MX_SPI4_Init-SPI4-false-LL-true,8-MX_SPI5_Init-SPI5-false-LL-true,9-MX_USB_DEVICE_Init-USB_DEVICE-false-HAL-false,0-MX_CORTEX_M7_Init-CORTEX_M7-false-LL-true
Dma.SPI1_TX.1.PeriphInc=DMA_PINC_DISABLE
Dma.SPI3_TX.5.PeriphInc=DMA_PINC_DISABLE
RCC.PLLI2SRCLKFreq_Value=96000000
RCC.USART2Freq_Value=54000000
NVIC.DMA1_Stream4_IRQn=true\:0\:0\:false\:false\:true\:true\:false\:true
PB15.Signal=USB_OTG_HS_DP
Dma.SPI2_RX.2.RequestParameters=Instance,Direction,PeriphInc,MemInc,PeriphDataAlignment,MemDataAlignment,Mode,Priority,FIFOMode
Dma.SPI5_TX.9.PeriphInc=DMA_PINC_DISABLE
ProjectManager.StackSize=0x4000
RCC.I2C3Freq_Value=54000000
Dma.SPI4_TX.7.Priority=DMA_PRIORITY_LOW
Mcu.IP4=RCC
RCC.FCLKCortexFreq_Value=216000000
Mcu.IP5=SPI1
Mcu.IP2=FREERTOS
Mcu.IP3=NVIC
Mcu.IP0=CORTEX_M7
Dma.SPI3_RX.4.MemInc=DMA_MINC_ENABLE
Mcu.IP1=DMA
Dma.SPI5_TX.9.Mode=DMA_NORMAL
Mcu.UserConstants=
SPI4.Mode=SPI_MODE_SLAVE
Dma.SPI3_RX.4.MemDataAlignment=DMA_MDATAALIGN_BYTE
Dma.SPI5_RX.8.MemInc=DMA_MINC_ENABLE
RCC.SDMMCFreq_Value=216000000
Mcu.ThirdPartyNb=0
RCC.HCLKFreq_Value=216000000
Mcu.IPNb=13
Dma.SPI4_RX.6.Instance=DMA2_Stream0
RCC.PLLI2SRoutputFreq_Value=96000000
ProjectManager.PreviousToolchain=
Mcu.Pin6=PF8
Mcu.Pin7=PF9
Dma.SPI2_TX.3.Priority=DMA_PRIORITY_LOW
NVIC.DMA2_Stream0_IRQn=true\:0\:0\:false\:false\:true\:true\:false\:true
Mcu.Pin8=PH0-OSC_IN
Mcu.Pin9=PH1-OSC_OUT
Dma.SPI4_TX.7.PeriphInc=DMA_PINC_DISABLE
RCC.VCOSAIOutputFreq_Value=192000000
SPI4.IPParameters=VirtualType,Mode,Direction,VirtualNSS
FREERTOS.IPParameters=Tasks01
USB_DEVICE.VirtualMode-CDC_HS=Cdc
RCC.AHBFreq_Value=216000000
PH0-OSC_IN.Mode=HSE-External-Oscillator
Dma.SPI5_RX.8.Mode=DMA_NORMAL
Mcu.Pin0=PE2
Dma.SPI2_TX.3.RequestParameters=Instance,Direction,PeriphInc,MemInc,PeriphDataAlignment,MemDataAlignment,Mode,Priority,FIFOMode
Mcu.Pin1=PE4
GPIO.groupedBy=
Mcu.Pin2=PE5
Mcu.Pin3=PE6
Mcu.Pin4=PF6
Mcu.Pin5=PF7
Dma.SPI2_RX.2.Instance=DMA1_Stream3
RCC.HSE_VALUE=25000000
NVIC.DebugMonitor_IRQn=true\:0\:0\:false\:false\:true\:false\:false\:false
Mcu.IP10=SYS
PA15.Mode=JTAG_5_pins
NVIC.SysTick_IRQn=true\:0\:0\:false\:false\:false\:false\:false\:false
Mcu.IP12=USB_OTG_HS
Mcu.IP11=USB_DEVICE
PF9.Mode=Full_Duplex_Slave
PB4.Mode=JTAG_5_pins
Dma.SPI3_RX.4.Mode=DMA_NORMAL
RCC.VCOInputFreq_Value=1000000
PA14.Mode=JTAG_5_pins
File.Version=6
Dma.SPI4_RX.6.Priority=DMA_PRIORITY_LOW
PE4.Mode=NSS_Signal_Hard_Input
PE4.Signal=SPI4_NSS
Dma.RequestsNb=10
ProjectManager.ProjectName=NewFolder
Dma.SPI5_TX.9.Direction=DMA_MEMORY_TO_PERIPH
PH1-OSC_OUT.Mode=HSE-External-Oscillator
PA6.Signal=SPI1_MISO
PB12.Mode=NSS_Signal_Hard_Input
Dma.SPI2_RX.2.Priority=DMA_PRIORITY_LOW
ProjectManager.ToolChainLocation=
RCC.LSI_VALUE=32000
PA15.Signal=SYS_JTDI
USB_DEVICE.CLASS_NAME_HS=CDC
PF8.Signal=SPI5_MISO
USB_DEVICE.VirtualModeHS=Cdc_HS
Dma.SPI4_RX.6.PeriphDataAlignment=DMA_PDATAALIGN_BYTE
Dma.Request2=SPI2_RX
Dma.Request1=SPI1_TX
Dma.Request4=SPI3_RX
Dma.Request3=SPI2_TX
Dma.Request6=SPI4_RX
Dma.Request5=SPI3_TX
NVIC.DMA1_Stream0_IRQn=true\:0\:0\:false\:false\:true\:true\:false\:true
SPI3.IPParameters=VirtualType,Mode,Direction
Dma.Request8=SPI5_RX
SPI2.Direction=SPI_DIRECTION_2LINES
Dma.Request7=SPI4_TX
Dma.Request0=SPI1_RX
Dma.SPI4_TX.7.PeriphDataAlignment=DMA_PDATAALIGN_BYTE
NVIC.TIM7_IRQn=true\:0\:0\:false\:false\:true\:false\:false\:true
REXTPHYHS.Mode=Internal_Phy_Device
Dma.SPI2_TX.3.Direction=DMA_MEMORY_TO_PERIPH
PB4.Signal=SYS_JTRST
Dma.SPI5_RX.8.MemDataAlignment=DMA_MDATAALIGN_BYTE
RCC.I2SFreq_Value=96000000
Dma.SPI1_TX.1.MemInc=DMA_MINC_ENABLE
CORTEX_M7.CPU_ICache=Enabled
PA7.Mode=Full_Duplex_Slave
RCC.UART7Freq_Value=54000000
ProjectManager.NoMain=false
SPI1.IPParameters=VirtualType,Mode,Direction
Dma.SPI2_TX.3.MemDataAlignment=DMA_MDATAALIGN_BYTE
Dma.SPI4_TX.7.MemInc=DMA_MINC_ENABLE
NVIC.SavedSvcallIrqHandlerGenerated=true
PC11.Signal=SPI3_MISO
VP_SYS_VS_tim7.Mode=TIM7
PC10.Mode=Full_Duplex_Slave
ProjectManager.DefaultFWLocation=true
PC2.Mode=Full_Duplex_Slave
Dma.SPI3_TX.5.MemDataAlignment=DMA_MDATAALIGN_BYTE
ProjectManager.DeletePrevious=true
Dma.SPI1_RX.0.Mode=DMA_NORMAL
Dma.SPI1_TX.1.Direction=DMA_MEMORY_TO_PERIPH
USB_DEVICE.IPParameters=VirtualMode-CDC_HS,VirtualModeHS,CLASS_NAME_HS,MANUFACTURER_STRING-CDC_HS,PRODUCT_STRING_CDC_HS
SPI5.Mode=SPI_MODE_SLAVE
RCC.FamilyName=M
Dma.SPI2_RX.2.Mode=DMA_NORMAL
Dma.SPI4_TX.7.Direction=DMA_MEMORY_TO_PERIPH
PA13.Signal=SYS_JTMS-SWDIO
Dma.SPI1_RX.0.FIFOMode=DMA_FIFOMODE_DISABLE
PF7.Mode=Full_Duplex_Slave
VP_FREERTOS_VS_CMSIS_V1.Signal=FREERTOS_VS_CMSIS_V1
USB_DEVICE.MANUFACTURER_STRING-CDC_HS=motionlib
PF6.Signal=SPI5_NSS
ProjectManager.TargetToolchain=Makefile
NVIC.DMA1_Stream5_IRQn=true\:0\:0\:false\:false\:true\:true\:false\:true
SPI2.IPParameters=VirtualType,Mode,Direction,VirtualNSS
ProjectManager.RegisterCallBack=
RCC.USBFreq_Value=48000000
Dma.SPI4_RX.6.FIFOMode=DMA_FIFOMODE_DISABLE
NVIC.DMA2_Stream3_IRQn=true\:0\:0\:false\:false\:true\:true\:false\:true
RCC.PLLSAIoutputFreq_Value=96000000
RCC.LSE_VALUE=32768
RCC.VCOI2SOutputFreq_Value=192000000
SPI5.VirtualNSS=VM_NSSHARD
RCC.PLLSAIPCLKFreq_Value=96000000
board=custom
RCC.VCOOutputFreq_Value=432000000
Dma.SPI3_TX.5.RequestParameters=Instance,Direction,PeriphInc,MemInc,PeriphDataAlignment,MemDataAlignment,Mode,Priority,FIFOMode
PB15.Mode=Internal_Phy_Device
NVIC.SavedSystickIrqHandlerGenerated=true
RCC.APB2Freq_Value=108000000
RCC.UART4Freq_Value=54000000
MxCube.Version=6.0.0
Dma.SPI5_RX.8.PeriphInc=DMA_PINC_DISABLE
Dma.SPI5_TX.9.RequestParameters=Instance,Direction,PeriphInc,MemInc,PeriphDataAlignment,MemDataAlignment,Mode,Priority,FIFOMode
Dma.SPI1_RX.0.Instance=DMA2_Stream2
PE5.Mode=Full_Duplex_Slave
NVIC.DMA2_Stream5_IRQn=true\:0\:0\:false\:false\:true\:true\:false\:true
PH1-OSC_OUT.Signal=RCC_OSC_OUT
Dma.SPI1_RX.0.MemDataAlignment=DMA_MDATAALIGN_BYTE
PE6.Signal=SPI4_MOSI
RCC.UART5Freq_Value=54000000
RCC.IPParameters=AHBFreq_Value,APB1CLKDivider,APB1Freq_Value,APB1TimFreq_Value,APB2CLKDivider,APB2Freq_Value,APB2TimFreq_Value,CortexFreq_Value,FCLKCortexFreq_Value,FamilyName,HCLKFreq_Value,HSE_VALUE,HSI_VALUE,I2C1Freq_Value,I2C2Freq_Value,I2C3Freq_Value,I2SFreq_Value,LPTIM1Freq_Value,LSE_VALUE,LSI_VALUE,MCO2PinFreq_Value,PLLCLKFreq_Value,PLLI2SQCLKFreq_Value,PLLI2SRCLKFreq_Value,PLLI2SRoutputFreq_Value,PLLM,PLLN,PLLQ,PLLQCLKFreq_Value,PLLQoutputFreq_Value,PLLSAIPCLKFreq_Value,PLLSAIQCLKFreq_Value,PLLSAIoutputFreq_Value,RNGFreq_Value,SAI1Freq_Value,SAI2Freq_Value,SDMMC2Freq_Value,SDMMCFreq_Value,SYSCLKFreq_VALUE,SYSCLKSource,UART4Freq_Value,UART5Freq_Value,UART7Freq_Value,UART8Freq_Value,USART1Freq_Value,USART2Freq_Value,USART3Freq_Value,USART6Freq_Value,USBFreq_Value,VCOI2SOutputFreq_Value,VCOInputFreq_Value,VCOOutputFreq_Value,VCOSAIOutputFreq_Value
ProjectManager.AskForMigrate=true
Mcu.Name=STM32F723Z(C-E)Tx
Dma.SPI3_TX.5.PeriphDataAlignment=DMA_PDATAALIGN_BYTE
Dma.SPI4_TX.7.Instance=DMA2_Stream1
NVIC.SavedPendsvIrqHandlerGenerated=true
Dma.SPI1_RX.0.MemInc=DMA_MINC_ENABLE
Mcu.IP8=SPI4
Mcu.IP9=SPI5
Mcu.IP6=SPI2
Mcu.IP7=SPI3
ProjectManager.CoupleFile=false
PB3.Signal=SYS_JTDO-SWO
RCC.SYSCLKFreq_VALUE=216000000
Dma.SPI4_RX.6.MemInc=DMA_MINC_ENABLE
KeepUserPlacement=false
USB_OTG_HS.VirtualMode=Int_Phy_Device
Dma.SPI4_RX.6.RequestParameters=Instance,Direction,PeriphInc,MemInc,PeriphDataAlignment,MemDataAlignment,Mode,Priority,FIFOMode
Dma.SPI3_RX.4.PeriphDataAlignment=DMA_PDATAALIGN_BYTE
PA14.Signal=SYS_JTCK-SWCLK
RCC.HSI_VALUE=16000000
RCC.PLLQ=9
Dma.SPI4_TX.7.FIFOMode=DMA_FIFOMODE_DISABLE
RCC.PLLM=25
RCC.PLLN=432
NVIC.DMA1_Stream3_IRQn=true\:0\:0\:false\:false\:true\:true\:false\:true
CORTEX_M7.CPU_DCache=Enabled
Dma.SPI3_RX.4.Priority=DMA_PRIORITY_LOW
RCC.APB1Freq_Value=54000000
ProjectManager.DeviceId=STM32F723ZETx
PB12.Signal=SPI2_NSS
ProjectManager.LibraryCopy=0
SPI5.Direction=SPI_DIRECTION_2LINES
PA7.Signal=SPI1_MOSI
